// !$*UTF8*$!
{
	archiveVersion = 1;
	classes = {
	};
	objectVersion = 48;
	objects = {

/* Begin PBXBuildFile section */
		478CB7DF20C513E80093EC8D /* AppDelegate.swift in Sources */ = {isa = PBXBuildFile; fileRef = 478CB7DE20C513E80093EC8D /* AppDelegate.swift */; };
		478CB7E120C513E80093EC8D /* ViewController.swift in Sources */ = {isa = PBXBuildFile; fileRef = 478CB7E020C513E80093EC8D /* ViewController.swift */; };
		478CB7E420C513E80093EC8D /* Main.storyboard in Resources */ = {isa = PBXBuildFile; fileRef = 478CB7E220C513E80093EC8D /* Main.storyboard */; };
		478CB7E620C513E80093EC8D /* Assets.xcassets in Resources */ = {isa = PBXBuildFile; fileRef = 478CB7E520C513E80093EC8D /* Assets.xcassets */; };
		478CB7E920C513E80093EC8D /* LaunchScreen.storyboard in Resources */ = {isa = PBXBuildFile; fileRef = 478CB7E720C513E80093EC8D /* LaunchScreen.storyboard */; };
		478CB7F520C514FD0093EC8D /* Preferences.swift in Sources */ = {isa = PBXBuildFile; fileRef = 478CB7F220C514FD0093EC8D /* Preferences.swift */; };
		478CB7F620C514FD0093EC8D /* FormatValidate.swift in Sources */ = {isa = PBXBuildFile; fileRef = 478CB7F420C514FD0093EC8D /* FormatValidate.swift */; };
		478CB7FB20C525AC0093EC8D /* EZAlertController.swift in Sources */ = {isa = PBXBuildFile; fileRef = 478CB7FA20C525AC0093EC8D /* EZAlertController.swift */; };
		478CB7FE20C526450093EC8D /* SinglePxLine.swift in Sources */ = {isa = PBXBuildFile; fileRef = 478CB7FD20C526450093EC8D /* SinglePxLine.swift */; };
		478CB80220C537200093EC8D /* APICenter.swift in Sources */ = {isa = PBXBuildFile; fileRef = 478CB80120C537200093EC8D /* APICenter.swift */; };
		47E583FD20C66BA500A10074 /* README.md in Resources */ = {isa = PBXBuildFile; fileRef = 47E583FC20C66BA500A10074 /* README.md */; };
/* End PBXBuildFile section */

/* Begin PBXFileReference section */
		478CB7DB20C513E80093EC8D /* XYWKit.app */ = {isa = PBXFileReference; explicitFileType = wrapper.application; includeInIndex = 0; path = XYWKit.app; sourceTree = BUILT_PRODUCTS_DIR; };
		478CB7DE20C513E80093EC8D /* AppDelegate.swift */ = {isa = PBXFileReference; lastKnownFileType = sourcecode.swift; path = AppDelegate.swift; sourceTree = "<group>"; };
		478CB7E020C513E80093EC8D /* ViewController.swift */ = {isa = PBXFileReference; lastKnownFileType = sourcecode.swift; path = ViewController.swift; sourceTree = "<group>"; };
		478CB7E320C513E80093EC8D /* Base */ = {isa = PBXFileReference; lastKnownFileType = file.storyboard; name = Base; path = Base.lproj/Main.storyboard; sourceTree = "<group>"; };
		478CB7E520C513E80093EC8D /* Assets.xcassets */ = {isa = PBXFileReference; lastKnownFileType = folder.assetcatalog; path = Assets.xcassets; sourceTree = "<group>"; };
		478CB7E820C513E80093EC8D /* Base */ = {isa = PBXFileReference; lastKnownFileType = file.storyboard; name = Base; path = Base.lproj/LaunchScreen.storyboard; sourceTree = "<group>"; };
		478CB7EA20C513E80093EC8D /* Info.plist */ = {isa = PBXFileReference; lastKnownFileType = text.plist.xml; path = Info.plist; sourceTree = "<group>"; };
		478CB7F220C514FD0093EC8D /* Preferences.swift */ = {isa = PBXFileReference; fileEncoding = 4; lastKnownFileType = sourcecode.swift; path = Preferences.swift; sourceTree = "<group>"; };
		478CB7F420C514FD0093EC8D /* FormatValidate.swift */ = {isa = PBXFileReference; fileEncoding = 4; lastKnownFileType = sourcecode.swift; path = FormatValidate.swift; sourceTree = "<group>"; };
		478CB7FA20C525AC0093EC8D /* EZAlertController.swift */ = {isa = PBXFileReference; fileEncoding = 4; lastKnownFileType = sourcecode.swift; path = EZAlertController.swift; sourceTree = "<group>"; };
		478CB7FD20C526450093EC8D /* SinglePxLine.swift */ = {isa = PBXFileReference; lastKnownFileType = sourcecode.swift; path = SinglePxLine.swift; sourceTree = "<group>"; };
		478CB80120C537200093EC8D /* APICenter.swift */ = {isa = PBXFileReference; lastKnownFileType = sourcecode.swift; path = APICenter.swift; sourceTree = "<group>"; };
		47E583FC20C66BA500A10074 /* README.md */ = {isa = PBXFileReference; fileEncoding = 4; lastKnownFileType = net.daringfireball.markdown; path = README.md; sourceTree = SOURCE_ROOT; };
/* End PBXFileReference section */

/* Begin PBXFrameworksBuildPhase section */
		478CB7D820C513E80093EC8D /* Frameworks */ = {
			isa = PBXFrameworksBuildPhase;
			buildActionMask = 2147483647;
			files = (
			);
			runOnlyForDeploymentPostprocessing = 0;
		};
/* End PBXFrameworksBuildPhase section */

/* Begin PBXGroup section */
		478CB7D220C513E80093EC8D = {
			isa = PBXGroup;
			children = (
				478CB7DD20C513E80093EC8D /* XYWKit */,
				478CB7DC20C513E80093EC8D /* Products */,
			);
			sourceTree = "<group>";
		};
		478CB7DC20C513E80093EC8D /* Products */ = {
			isa = PBXGroup;
			children = (
				478CB7DB20C513E80093EC8D /* XYWKit.app */,
			);
			name = Products;
			sourceTree = "<group>";
		};
		478CB7DD20C513E80093EC8D /* XYWKit */ = {
			isa = PBXGroup;
			children = (
				478CB7F020C514E90093EC8D /* XYWKit */,
				478CB7DE20C513E80093EC8D /* AppDelegate.swift */,
				478CB7E020C513E80093EC8D /* ViewController.swift */,
				478CB7E220C513E80093EC8D /* Main.storyboard */,
				478CB7E520C513E80093EC8D /* Assets.xcassets */,
				478CB7E720C513E80093EC8D /* LaunchScreen.storyboard */,
				478CB7EA20C513E80093EC8D /* Info.plist */,
				47E583FC20C66BA500A10074 /* README.md */,
			);
			path = XYWKit;
			sourceTree = "<group>";
		};
		478CB7F020C514E90093EC8D /* XYWKit */ = {
			isa = PBXGroup;
			children = (
				478CB7F820C525520093EC8D /* XYWUI */,
				478CB7F720C515060093EC8D /* XYWTools */,
			);
			path = XYWKit;
			sourceTree = "<group>";
		};
		478CB7F120C514FD0093EC8D /* PreferenceCenter */ = {
			isa = PBXGroup;
			children = (
				478CB7F220C514FD0093EC8D /* Preferences.swift */,
			);
			path = PreferenceCenter;
			sourceTree = "<group>";
		};
		478CB7F320C514FD0093EC8D /* FormatValidate */ = {
			isa = PBXGroup;
			children = (
				478CB7F420C514FD0093EC8D /* FormatValidate.swift */,
			);
			path = FormatValidate;
			sourceTree = "<group>";
		};
		478CB7F720C515060093EC8D /* XYWTools */ = {
			isa = PBXGroup;
			children = (
				478CB80020C5370A0093EC8D /* APICenter */,
				478CB7F320C514FD0093EC8D /* FormatValidate */,
				478CB7F120C514FD0093EC8D /* PreferenceCenter */,
			);
			path = XYWTools;
			sourceTree = "<group>";
		};
		478CB7F820C525520093EC8D /* XYWUI */ = {
			isa = PBXGroup;
			children = (
				478CB7FC20C526110093EC8D /* SinglePxLine */,
				478CB7F920C525960093EC8D /* EZAlertViewController */,
			);
			path = XYWUI;
			sourceTree = "<group>";
		};
		478CB7F920C525960093EC8D /* EZAlertViewController */ = {
			isa = PBXGroup;
			children = (
				478CB7FA20C525AC0093EC8D /* EZAlertController.swift */,
			);
			path = EZAlertViewController;
			sourceTree = "<group>";
		};
		478CB7FC20C526110093EC8D /* SinglePxLine */ = {
			isa = PBXGroup;
			children = (
				478CB7FD20C526450093EC8D /* SinglePxLine.swift */,
			);
			path = SinglePxLine;
			sourceTree = "<group>";
		};
		478CB80020C5370A0093EC8D /* APICenter */ = {
			isa = PBXGroup;
			children = (
				478CB80120C537200093EC8D /* APICenter.swift */,
			);
			path = APICenter;
			sourceTree = "<group>";
		};
/* End PBXGroup section */

/* Begin PBXNativeTarget section */
		478CB7DA20C513E80093EC8D /* XYWKit */ = {
			isa = PBXNativeTarget;
			buildConfigurationList = 478CB7ED20C513E80093EC8D /* Build configuration list for PBXNativeTarget "XYWKit" */;
			buildPhases = (
				478CB7D720C513E80093EC8D /* Sources */,
				478CB7D820C513E80093EC8D /* Frameworks */,
				478CB7D920C513E80093EC8D /* Resources */,
			);
			buildRules = (
			);
			dependencies = (
			);
			name = XYWKit;
			productName = XYWKit;
			productReference = 478CB7DB20C513E80093EC8D /* XYWKit.app */;
			productType = "com.apple.product-type.application";
		};
/* End PBXNativeTarget section */

/* Begin PBXProject section */
		478CB7D320C513E80093EC8D /* Project object */ = {
			isa = PBXProject;
			attributes = {
				LastSwiftUpdateCheck = 0920;
				LastUpgradeCheck = 0920;
				ORGANIZATIONNAME = "薛永伟";
				TargetAttributes = {
					478CB7DA20C513E80093EC8D = {
						CreatedOnToolsVersion = 9.2;
						ProvisioningStyle = Automatic;
					};
				};
			};
			buildConfigurationList = 478CB7D620C513E80093EC8D /* Build configuration list for PBXProject "XYWKit" */;
			compatibilityVersion = "Xcode 8.0";
			developmentRegion = en;
			hasScannedForEncodings = 0;
			knownRegions = (
				en,
				Base,
			);
			mainGroup = 478CB7D220C513E80093EC8D;
			productRefGroup = 478CB7DC20C513E80093EC8D /* Products */;
			projectDirPath = "";
			projectRoot = "";
			targets = (
				478CB7DA20C513E80093EC8D /* XYWKit */,
			);
		};
/* End PBXProject section */

/* Begin PBXResourcesBuildPhase section */
		478CB7D920C513E80093EC8D /* Resources */ = {
			isa = PBXResourcesBuildPhase;
			buildActionMask = 2147483647;
			files = (
				478CB7E920C513E80093EC8D /* LaunchScreen.storyboard in Resources */,
				478CB7E620C513E80093EC8D /* Assets.xcassets in Resources */,
				47E583FD20C66BA500A10074 /* README.md in Resources */,
				478CB7E420C513E80093EC8D /* Main.storyboard in Resources */,
			);
			runOnlyForDeploymentPostprocessing = 0;
		};
/* End PBXResourcesBuildPhase section */

/* Begin PBXSourcesBuildPhase section */
		478CB7D720C513E80093EC8D /* Sources */ = {
			isa = PBXSourcesBuildPhase;
			buildActionMask = 2147483647;
			files = (
				478CB7E120C513E80093EC8D /* ViewController.swift in Sources */,
				478CB80220C537200093EC8D /* APICenter.swift in Sources */,
				478CB7DF20C513E80093EC8D /* AppDelegate.swift in Sources */,
				478CB7F620C514FD0093EC8D /* FormatValidate.swift in Sources */,
				478CB7FB20C525AC0093EC8D /* EZAlertController.swift in Sources */,
				478CB7F520C514FD0093EC8D /* Preferences.swift in Sources */,
				478CB7FE20C526450093EC8D /* SinglePxLine.swift in Sources */,
			);
			runOnlyForDeploymentPostprocessing = 0;
		};
/* End PBXSourcesBuildPhase section */

/* Begin PBXVariantGroup section */
		478CB7E220C513E80093EC8D /* Main.storyboard */ = {
			isa = PBXVariantGroup;
			children = (
				478CB7E320C513E80093EC8D /* Base */,
			);
			name = Main.storyboard;
			sourceTree = "<group>";
		};
		478CB7E720C513E80093EC8D /* LaunchScreen.storyboard */ = {
			isa = PBXVariantGroup;
			children = (
				478CB7E820C513E80093EC8D /* Base */,
			);
			name = LaunchScreen.storyboard;
			sourceTree = "<group>";
		};
/* End PBXVariantGroup section */

/* Begin XCBuildConfiguration section */
		478CB7EB20C513E80093EC8D /* Debug */ = {
			isa = XCBuildConfiguration;
			buildSettings = {
				ALWAYS_SEARCH_USER_PATHS = NO;
				CLANG_ANALYZER_NONNULL = YES;
				CLANG_ANALYZER_NUMBER_OBJECT_CONVERSION = YES_AGGRESSIVE;
				CLANG_CXX_LANGUAGE_STANDARD = "gnu++14";
				CLANG_CXX_LIBRARY = "libc++";
				CLANG_ENABLE_MODULES = YES;
				CLANG_ENABLE_OBJC_ARC = YES;
				CLANG_WARN_BLOCK_CAPTURE_AUTORELEASING = YES;
				CLANG_WARN_BOOL_CONVERSION = YES;
				CLANG_WARN_COMMA = YES;
				CLANG_WARN_CONSTANT_CONVERSION = YES;
				CLANG_WARN_DIRECT_OBJC_ISA_USAGE = YES_ERROR;
				CLANG_WARN_DOCUMENTATION_COMMENTS = YES;
				CLANG_WARN_EMPTY_BODY = YES;
				CLANG_WARN_ENUM_CONVERSION = YES;
				CLANG_WARN_INFINITE_RECURSION = YES;
				CLANG_WARN_INT_CONVERSION = YES;
				CLANG_WARN_NON_LITERAL_NULL_CONVERSION = YES;
				CLANG_WARN_OBJC_LITERAL_CONVERSION = YES;
				CLANG_WARN_OBJC_ROOT_CLASS = YES_ERROR;
				CLANG_WARN_RANGE_LOOP_ANALYSIS = YES;
				CLANG_WARN_STRICT_PROTOTYPES = YES;
				CLANG_WARN_SUSPICIOUS_MOVE = YES;
				CLANG_WARN_UNGUARDED_AVAILABILITY = YES_AGGRESSIVE;
				CLANG_WARN_UNREACHABLE_CODE = YES;
				CLANG_WARN__DUPLICATE_METHOD_MATCH = YES;
				CODE_SIGN_IDENTITY = "iPhone Developer";
				COPY_PHASE_STRIP = NO;
				DEBUG_INFORMATION_FORMAT = dwarf;
				ENABLE_STRICT_OBJC_MSGSEND = YES;
				ENABLE_TESTABILITY = YES;
				GCC_C_LANGUAGE_STANDARD = gnu11;
				GCC_DYNAMIC_NO_PIC = NO;
				GCC_NO_COMMON_BLOCKS = YES;
				GCC_OPTIMIZATION_LEVEL = 0;
				GCC_PREPROCESSOR_DEFINITIONS = (
					"DEBUG=1",
					"$(inherited)",
				);
				GCC_WARN_64_TO_32_BIT_CONVERSION = YES;
				GCC_WARN_ABOUT_RETURN_TYPE = YES_ERROR;
				GCC_WARN_UNDECLARED_SELECTOR = YES;
				GCC_WARN_UNINITIALIZED_AUTOS = YES_AGGRESSIVE;
				GCC_WARN_UNUSED_FUNCTION = YES;
				GCC_WARN_UNUSED_VARIABLE = YES;
				IPHONEOS_DEPLOYMENT_TARGET = 11.2;
				MTL_ENABLE_DEBUG_INFO = YES;
				ONLY_ACTIVE_ARCH = YES;
				SDKROOT = iphoneos;
				SWIFT_ACTIVE_COMPILATION_CONDITIONS = DEBUG;
				SWIFT_OPTIMIZATION_LEVEL = "-Onone";
			};
			name = Debug;
		};
		478CB7EC20C513E80093EC8D /* Release */ = {
			isa = XCBuildConfiguration;
			buildSettings = {
				ALWAYS_SEARCH_USER_PATHS = NO;
				CLANG_ANALYZER_NONNULL = YES;
				CLANG_ANALYZER_NUMBER_OBJECT_CONVERSION = YES_AGGRESSIVE;
				CLANG_CXX_LANGUAGE_STANDARD = "gnu++14";
				CLANG_CXX_LIBRARY = "libc++";
				CLANG_ENABLE_MODULES = YES;
				CLANG_ENABLE_OBJC_ARC = YES;
				CLANG_WARN_BLOCK_CAPTURE_AUTORELEASING = YES;
				CLANG_WARN_BOOL_CONVERSION = YES;
				CLANG_WARN_COMMA = YES;
				CLANG_WARN_CONSTANT_CONVERSION = YES;
				CLANG_WARN_DIRECT_OBJC_ISA_USAGE = YES_ERROR;
				CLANG_WARN_DOCUMENTATION_COMMENTS = YES;
				CLANG_WARN_EMPTY_BODY = YES;
				CLANG_WARN_ENUM_CONVERSION = YES;
				CLANG_WARN_INFINITE_RECURSION = YES;
				CLANG_WARN_INT_CONVERSION = YES;
				CLANG_WARN_NON_LITERAL_NULL_CONVERSION = YES;
				CLANG_WARN_OBJC_LITERAL_CONVERSION = YES;
				CLANG_WARN_OBJC_ROOT_CLASS = YES_ERROR;
				CLANG_WARN_RANGE_LOOP_ANALYSIS = YES;
				CLANG_WARN_STRICT_PROTOTYPES = YES;
				CLANG_WARN_SUSPICIOUS_MOVE = YES;
				CLANG_WARN_UNGUARDED_AVAILABILITY = YES_AGGRESSIVE;
				CLANG_WARN_UNREACHABLE_CODE = YES;
				CLANG_WARN__DUPLICATE_METHOD_MATCH = YES;
				CODE_SIGN_IDENTITY = "iPhone Developer";
				COPY_PHASE_STRIP = NO;
				DEBUG_INFORMATION_FORMAT = "dwarf-with-dsym";
				ENABLE_NS_ASSERTIONS = NO;
				ENABLE_STRICT_OBJC_MSGSEND = YES;
				GCC_C_LANGUAGE_STANDARD = gnu11;
				GCC_NO_COMMON_BLOCKS = YES;
				GCC_WARN_64_TO_32_BIT_CONVERSION = YES;
				GCC_WARN_ABOUT_RETURN_TYPE = YES_ERROR;
				GCC_WARN_UNDECLARED_SELECTOR = YES;
				GCC_WARN_UNINITIALIZED_AUTOS = YES_AGGRESSIVE;
				GCC_WARN_UNUSED_FUNCTION = YES;
				GCC_WARN_UNUSED_VARIABLE = YES;
				IPHONEOS_DEPLOYMENT_TARGET = 11.2;
				MTL_ENABLE_DEBUG_INFO = NO;
				SDKROOT = iphoneos;
				SWIFT_OPTIMIZATION_LEVEL = "-Owholemodule";
				VALIDATE_PRODUCT = YES;
			};
			name = Release;
		};
		478CB7EE20C513E80093EC8D /* Debug */ = {
			isa = XCBuildConfiguration;
			buildSettings = {
				ASSETCATALOG_COMPILER_APPICON_NAME = AppIcon;
				CODE_SIGN_STYLE = Automatic;
				DEVELOPMENT_TEAM = 42FQR4EVHR;
				INFOPLIST_FILE = XYWKit/Info.plist;
				IPHONEOS_DEPLOYMENT_TARGET = 9.0;
				LD_RUNPATH_SEARCH_PATHS = "$(inherited) @executable_path/Frameworks";
				PRODUCT_BUNDLE_IDENTIFIER = xueyongwei.XYWKit;
				PRODUCT_NAME = "$(TARGET_NAME)";
				SWIFT_VERSION = 4.0;
				TARGETED_DEVICE_FAMILY = "1,2";
			};
			name = Debug;
		};
		478CB7EF20C513E80093EC8D /* Release */ = {
			isa = XCBuildConfiguration;
			buildSettings = {
				ASSETCATALOG_COMPILER_APPICON_NAME = AppIcon;
				CODE_SIGN_STYLE = Automatic;
				DEVELOPMENT_TEAM = 42FQR4EVHR;
				INFOPLIST_FILE = XYWKit/Info.plist;
				IPHONEOS_DEPLOYMENT_TARGET = 9.0;
				LD_RUNPATH_SEARCH_PATHS = "$(inherited) @executable_path/Frameworks";
				PRODUCT_BUNDLE_IDENTIFIER = xueyongwei.XYWKit;
				PRODUCT_NAME = "$(TARGET_NAME)";
				SWIFT_VERSION = 4.0;
				TARGETED_DEVICE_FAMILY = "1,2";
			};
			name = Release;
		};
/* End XCBuildConfiguration section */

/* Begin XCConfigurationList section */
		478CB7D620C513E80093EC8D /* Build configuration list for PBXProject "XYWKit" */ = {
			isa = XCConfigurationList;
			buildConfigurations = (
				478CB7EB20C513E80093EC8D /* Debug */,
				478CB7EC20C513E80093EC8D /* Release */,
			);
			defaultConfigurationIsVisible = 0;
			defaultConfigurationName = Release;
		};
		478CB7ED20C513E80093EC8D /* Build configuration list for PBXNativeTarget "XYWKit" */ = {
			isa = XCConfigurationList;
			buildConfigurations = (
				478CB7EE20C513E80093EC8D /* Debug */,
				478CB7EF20C513E80093EC8D /* Release */,
			);
			defaultConfigurationIsVisible = 0;
			defaultConfigurationName = Release;
		};
/* End XCConfigurationList section */
	};
	rootObject = 478CB7D320C513E80093EC8D /* Project object */;
}
